github.com/goburrow/serial v0.1.0 h1:v2T1SQa/dlUqQiYIT8+Cu7YolfqAi3K96UmhwYyuSrA=
github.com/goburrow/serial v0.1.0/go.mod h1:sAiqG0nRVswsm1C97xsttiYCzSLBmUZ/VSlVLZJ8haA=
github.com/musl/go-monome v0.1.0 h1:XOd771BWBwtBP8Ymk8rahjdoSr7QMH1fRxG+mRuA5A8=
github.com/musl/go-monome v0.1.0/go.mod h1:b003Kn7nsCtxeAID+RsRBUlPzsNtnXpsu67MJJTwXUI=
github.com/musl/go-monome v0.1.1 h1:JvghZX5TsYdUx97oJF3xmqGLtwU9kgAPq80iOJyE0Y4=
github.com/musl/go-monome v0.1.1/go.mod h1:b003Kn7nsCtxeAID+RsRBUlPzsNtnXpsu67MJJTwXUI=
